
Microsoft Visual Studio Solution File, Format Version 12.00
# Visual Studio Version 17
VisualStudioVersion = 17.8.34330.188
MinimumVisualStudioVersion = 10.0.40219.1
Project("{9A19103F-16F7-4668-BE54-9A1E7A4F7556}") = "InMemory", "InMemory\InMemory.csproj", "{03A0C97D-5C1D-4386-86E1-3C7B1B246737}"
EndProject
Project("{9A19103F-16F7-4668-BE54-9A1E7A4F7556}") = "Distributed", "Distributed\Distributed.csproj", "{6F4646B0-970D-4C64-9550-C473EC6CB282}"
EndProject
Project("{9A19103F-16F7-4668-BE54-9A1E7A4F7556}") = "ResponseCaching", "ResponseCaching\ResponseCaching.csproj", "{722EF542-A255-4539-82BB-FF1D980F521F}"
EndProject
Project("{FAE04EC0-301F-11D3-BF4B-00C04F79EFBC}") = "OutputCache", "OutputCache\OutputCache.csproj", "{6820B37B-3087-4405-947E-7A2A32344265}"
EndProject
Project("{FAE04EC0-301F-11D3-BF4B-00C04F79EFBC}") = "RedisIntegration", "RedisIntegration\RedisIntegration.csproj", "{6A935135-6A81-4055-AD1D-54C5A7487EFE}"
EndProject
Global
	GlobalSection(SolutionConfigurationPlatforms) = preSolution
		Debug|Any CPU = Debug|Any CPU
		Release|Any CPU = Release|Any CPU
	EndGlobalSection
	GlobalSection(ProjectConfigurationPlatforms) = postSolution
		{03A0C97D-5C1D-4386-86E1-3C7B1B246737}.Debug|Any CPU.ActiveCfg = Debug|Any CPU
		{03A0C97D-5C1D-4386-86E1-3C7B1B246737}.Debug|Any CPU.Build.0 = Debug|Any CPU
		{03A0C97D-5C1D-4386-86E1-3C7B1B246737}.Release|Any CPU.ActiveCfg = Release|Any CPU
		{03A0C97D-5C1D-4386-86E1-3C7B1B246737}.Release|Any CPU.Build.0 = Release|Any CPU
		{6F4646B0-970D-4C64-9550-C473EC6CB282}.Debug|Any CPU.ActiveCfg = Debug|Any CPU
		{6F4646B0-970D-4C64-9550-C473EC6CB282}.Debug|Any CPU.Build.0 = Debug|Any CPU
		{6F4646B0-970D-4C64-9550-C473EC6CB282}.Release|Any CPU.ActiveCfg = Release|Any CPU
		{6F4646B0-970D-4C64-9550-C473EC6CB282}.Release|Any CPU.Build.0 = Release|Any CPU
		{722EF542-A255-4539-82BB-FF1D980F521F}.Debug|Any CPU.ActiveCfg = Debug|Any CPU
		{722EF542-A255-4539-82BB-FF1D980F521F}.Debug|Any CPU.Build.0 = Debug|Any CPU
		{722EF542-A255-4539-82BB-FF1D980F521F}.Release|Any CPU.ActiveCfg = Release|Any CPU
		{722EF542-A255-4539-82BB-FF1D980F521F}.Release|Any CPU.Build.0 = Release|Any CPU
		{6820B37B-3087-4405-947E-7A2A32344265}.Debug|Any CPU.ActiveCfg = Debug|Any CPU
		{6820B37B-3087-4405-947E-7A2A32344265}.Debug|Any CPU.Build.0 = Debug|Any CPU
		{6820B37B-3087-4405-947E-7A2A32344265}.Release|Any CPU.ActiveCfg = Release|Any CPU
		{6820B37B-3087-4405-947E-7A2A32344265}.Release|Any CPU.Build.0 = Release|Any CPU
		{6A935135-6A81-4055-AD1D-54C5A7487EFE}.Debug|Any CPU.ActiveCfg = Debug|Any CPU
		{6A935135-6A81-4055-AD1D-54C5A7487EFE}.Debug|Any CPU.Build.0 = Debug|Any CPU
		{6A935135-6A81-4055-AD1D-54C5A7487EFE}.Release|Any CPU.ActiveCfg = Release|Any CPU
		{6A935135-6A81-4055-AD1D-54C5A7487EFE}.Release|Any CPU.Build.0 = Release|Any CPU
	EndGlobalSection
	GlobalSection(SolutionProperties) = preSolution
		HideSolutionNode = FALSE
	EndGlobalSection
EndGlobal
