
Microsoft Visual Studio Solution File, Format Version 12.00
Project("{FAE04EC0-301F-11D3-BF4B-00C04F79EFBC}") = "InMemory", "InMemory\InMemory.csproj", "{03A0C97D-5C1D-4386-86E1-3C7B1B246737}"
EndProject
Global
	GlobalSection(SolutionConfigurationPlatforms) = preSolution
		Debug|Any CPU = Debug|Any CPU
		Release|Any CPU = Release|Any CPU
	EndGlobalSection
	GlobalSection(ProjectConfigurationPlatforms) = postSolution
		{03A0C97D-5C1D-4386-86E1-3C7B1B246737}.Debug|Any CPU.ActiveCfg = Debug|Any CPU
		{03A0C97D-5C1D-4386-86E1-3C7B1B246737}.Debug|Any CPU.Build.0 = Debug|Any CPU
		{03A0C97D-5C1D-4386-86E1-3C7B1B246737}.Release|Any CPU.ActiveCfg = Release|Any CPU
		{03A0C97D-5C1D-4386-86E1-3C7B1B246737}.Release|Any CPU.Build.0 = Release|Any CPU
	EndGlobalSection
EndGlobal
